
Microsoft Visual Studio Solution File, Format Version 12.00
# Visual Studio Version 17
VisualStudioVersion = 17.3.32901.215
MinimumVisualStudioVersion = 10.0.40219.1
Project("{FAE04EC0-301F-11D3-BF4B-00C04F79EFBC}") = "button.32", "button.32\button.32.csproj", "{CFB56865-0AF3-48E4-BBD0-C7DBE5D103BE}"
EndProject
Global
	GlobalSection(SolutionConfigurationPlatforms) = preSolution
		Debug|Any CPU = Debug|Any CPU
		Release|Any CPU = Release|Any CPU
	EndGlobalSection
	GlobalSection(ProjectConfigurationPlatforms) = postSolution
		{CFB56865-0AF3-48E4-BBD0-C7DBE5D103BE}.Debug|Any CPU.ActiveCfg = Debug|Any CPU
		{CFB56865-0AF3-48E4-BBD0-C7DBE5D103BE}.Debug|Any CPU.Build.0 = Debug|Any CPU
		{CFB56865-0AF3-48E4-BBD0-C7DBE5D103BE}.Release|Any CPU.ActiveCfg = Release|Any CPU
		{CFB56865-0AF3-48E4-BBD0-C7DBE5D103BE}.Release|Any CPU.Build.0 = Release|Any CPU
	EndGlobalSection
	GlobalSection(SolutionProperties) = preSolution
		HideSolutionNode = FALSE
	EndGlobalSection
	GlobalSection(ExtensibilityGlobals) = postSolution
		SolutionGuid = {6A962C16-3D9D-4E25-8150-707F536249E8}
	EndGlobalSection
EndGlobal
